
Microsoft Visual Studio Solution File, Format Version 12.00
# Visual Studio Version 17
VisualStudioVersion = 17.4.33122.133
MinimumVisualStudioVersion = 10.0.40219.1
Project("{FAE04EC0-301F-11D3-BF4B-00C04F79EFBC}") = "Unit 9", "Unit 9.csproj", "{289F54A8-5623-4E72-AD08-33F7F71CFBB6}"
EndProject
Project("{FAE04EC0-301F-11D3-BF4B-00C04F79EFBC}") = "caHw_9-1", "..\caHw_9-1\caHw_9-1.csproj", "{4F9A9927-D0D3-4C57-85C9-07448913F0BD}"
EndProject
Project("{FAE04EC0-301F-11D3-BF4B-00C04F79EFBC}") = "caHw_9-2", "..\caHw_9-2\caHw_9-2.csproj", "{EEA7C843-4D91-480F-A207-A3E618277C7A}"
EndProject
Project("{FAE04EC0-301F-11D3-BF4B-00C04F79EFBC}") = "caHw9-2_Events", "..\caHw9-2_Events\caHw9-2_Events.csproj", "{8E2FEDA0-B5A5-4D7C-9D68-7D1A71176CF9}"
EndProject
Global
	GlobalSection(SolutionConfigurationPlatforms) = preSolution
		Debug|Any CPU = Debug|Any CPU
		Release|Any CPU = Release|Any CPU
	EndGlobalSection
	GlobalSection(ProjectConfigurationPlatforms) = postSolution
		{289F54A8-5623-4E72-AD08-33F7F71CFBB6}.Debug|Any CPU.ActiveCfg = Debug|Any CPU
		{289F54A8-5623-4E72-AD08-33F7F71CFBB6}.Debug|Any CPU.Build.0 = Debug|Any CPU
		{289F54A8-5623-4E72-AD08-33F7F71CFBB6}.Release|Any CPU.ActiveCfg = Release|Any CPU
		{289F54A8-5623-4E72-AD08-33F7F71CFBB6}.Release|Any CPU.Build.0 = Release|Any CPU
		{4F9A9927-D0D3-4C57-85C9-07448913F0BD}.Debug|Any CPU.ActiveCfg = Debug|Any CPU
		{4F9A9927-D0D3-4C57-85C9-07448913F0BD}.Debug|Any CPU.Build.0 = Debug|Any CPU
		{4F9A9927-D0D3-4C57-85C9-07448913F0BD}.Release|Any CPU.ActiveCfg = Release|Any CPU
		{4F9A9927-D0D3-4C57-85C9-07448913F0BD}.Release|Any CPU.Build.0 = Release|Any CPU
		{EEA7C843-4D91-480F-A207-A3E618277C7A}.Debug|Any CPU.ActiveCfg = Debug|Any CPU
		{EEA7C843-4D91-480F-A207-A3E618277C7A}.Debug|Any CPU.Build.0 = Debug|Any CPU
		{EEA7C843-4D91-480F-A207-A3E618277C7A}.Release|Any CPU.ActiveCfg = Release|Any CPU
		{EEA7C843-4D91-480F-A207-A3E618277C7A}.Release|Any CPU.Build.0 = Release|Any CPU
		{8E2FEDA0-B5A5-4D7C-9D68-7D1A71176CF9}.Debug|Any CPU.ActiveCfg = Debug|Any CPU
		{8E2FEDA0-B5A5-4D7C-9D68-7D1A71176CF9}.Debug|Any CPU.Build.0 = Debug|Any CPU
		{8E2FEDA0-B5A5-4D7C-9D68-7D1A71176CF9}.Release|Any CPU.ActiveCfg = Release|Any CPU
		{8E2FEDA0-B5A5-4D7C-9D68-7D1A71176CF9}.Release|Any CPU.Build.0 = Release|Any CPU
	EndGlobalSection
	GlobalSection(SolutionProperties) = preSolution
		HideSolutionNode = FALSE
	EndGlobalSection
	GlobalSection(ExtensibilityGlobals) = postSolution
		SolutionGuid = {16819EB6-8EF2-41A0-95B4-487093A943A9}
	EndGlobalSection
EndGlobal
